// !$*UTF8*$!
{
	archiveVersion = 1;
	classes = {
	};
	objectVersion = 77;
	objects = {

/* Begin PBXContainerItemProxy section */
		B69C1CE82DECBBEA005A096A /* PBXContainerItemProxy */ = {
			isa = PBXContainerItemProxy;
			containerPortal = B69C1CD22DECBBE8005A096A /* Project object */;
			proxyType = 1;
			remoteGlobalIDString = B69C1CD92DECBBE8005A096A;
			remoteInfo = SimpleRecipeApp;
		};
		B69C1CF22DECBBEA005A096A /* PBXContainerItemProxy */ = {
			isa = PBXContainerItemProxy;
			containerPortal = B69C1CD22DECBBE8005A096A /* Project object */;
			proxyType = 1;
			remoteGlobalIDString = B69C1CD92DECBBE8005A096A;
			remoteInfo = SimpleRecipeApp;
		};
/* End PBXContainerItemProxy section */

/* Begin PBXFileReference section */
		B69C1CDA2DECBBE8005A096A /* SimpleRecipeApp.app */ = {isa = PBXFileReference; explicitFileType = wrapper.application; includeInIndex = 0; path = SimpleRecipeApp.app; sourceTree = BUILT_PRODUCTS_DIR; };
		B69C1CE72DECBBEA005A096A /* SimpleRecipeAppTests.xctest */ = {isa = PBXFileReference; explicitFileType = wrapper.cfbundle; includeInIndex = 0; path = SimpleRecipeAppTests.xctest; sourceTree = BUILT_PRODUCTS_DIR; };
		B69C1CF12DECBBEA005A096A /* SimpleRecipeAppUITests.xctest */ = {isa = PBXFileReference; explicitFileType = wrapper.cfbundle; includeInIndex = 0; path = SimpleRecipeAppUITests.xctest; sourceTree = BUILT_PRODUCTS_DIR; };
/* End PBXFileReference section */

/* Begin PBXFileSystemSynchronizedBuildFileExceptionSet section */
		B69C1D062DECBC31005A096A /* Exceptions for "Packages" folder in "SimpleRecipeApp" target */ = {
			isa = PBXFileSystemSynchronizedBuildFileExceptionSet;
			membershipExceptions = (
				Caching,
			);
			target = B69C1CD92DECBBE8005A096A /* SimpleRecipeApp */;
		};
/* End PBXFileSystemSynchronizedBuildFileExceptionSet section */

/* Begin PBXFileSystemSynchronizedRootGroup section */
		B69C1CDC2DECBBE8005A096A /* SimpleRecipeApp */ = {
			isa = PBXFileSystemSynchronizedRootGroup;
			path = SimpleRecipeApp;
			sourceTree = "<group>";
		};
		B69C1CEA2DECBBEA005A096A /* SimpleRecipeAppTests */ = {
			isa = PBXFileSystemSynchronizedRootGroup;
			path = SimpleRecipeAppTests;
			sourceTree = "<group>";
		};
		B69C1CF42DECBBEA005A096A /* SimpleRecipeAppUITests */ = {
			isa = PBXFileSystemSynchronizedRootGroup;
			path = SimpleRecipeAppUITests;
			sourceTree = "<group>";
		};
		B69C1D042DECBBF9005A096A /* Packages */ = {
			isa = PBXFileSystemSynchronizedRootGroup;
			exceptions = (
				B69C1D062DECBC31005A096A /* Exceptions for "Packages" folder in "SimpleRecipeApp" target */,
			);
			path = Packages;
			sourceTree = "<group>";
		};
/* End PBXFileSystemSynchronizedRootGroup section */

/* Begin PBXFrameworksBuildPhase section */
		B69C1CD72DECBBE8005A096A /* Frameworks */ = {
			isa = PBXFrameworksBuildPhase;
			buildActionMask = 2147483647;
			files = (
			);
			runOnlyForDeploymentPostprocessing = 0;
		};
		B69C1CE42DECBBEA005A096A /* Frameworks */ = {
			isa = PBXFrameworksBuildPhase;
			buildActionMask = 2147483647;
			files = (
			);
			runOnlyForDeploymentPostprocessing = 0;
		};
		B69C1CEE2DECBBEA005A096A /* Frameworks */ = {
			isa = PBXFrameworksBuildPhase;
			buildActionMask = 2147483647;
			files = (
			);
			runOnlyForDeploymentPostprocessing = 0;
		};
/* End PBXFrameworksBuildPhase section */

/* Begin PBXGroup section */
		B69C1CD12DECBBE8005A096A = {
			isa = PBXGroup;
			children = (
				B69C1D042DECBBF9005A096A /* Packages */,
				B69C1CDC2DECBBE8005A096A /* SimpleRecipeApp */,
				B69C1CEA2DECBBEA005A096A /* SimpleRecipeAppTests */,
				B69C1CF42DECBBEA005A096A /* SimpleRecipeAppUITests */,
				B6F7CC662DECF4D900D4C8A8 /* Frameworks */,
				B69C1CDB2DECBBE8005A096A /* Products */,
			);
			sourceTree = "<group>";
		};
		B69C1CDB2DECBBE8005A096A /* Products */ = {
			isa = PBXGroup;
			children = (
				B69C1CDA2DECBBE8005A096A /* SimpleRecipeApp.app */,
				B69C1CE72DECBBEA005A096A /* SimpleRecipeAppTests.xctest */,
				B69C1CF12DECBBEA005A096A /* SimpleRecipeAppUITests.xctest */,
			);
			name = Products;
			sourceTree = "<group>";
		};
		B6F7CC662DECF4D900D4C8A8 /* Frameworks */ = {
			isa = PBXGroup;
			children = (
			);
			name = Frameworks;
			sourceTree = "<group>";
		};
/* End PBXGroup section */

/* Begin PBXNativeTarget section */
		B69C1CD92DECBBE8005A096A /* SimpleRecipeApp */ = {
			isa = PBXNativeTarget;
			buildConfigurationList = B69C1CFB2DECBBEA005A096A /* Build configuration list for PBXNativeTarget "SimpleRecipeApp" */;
			buildPhases = (
				B69C1CD62DECBBE8005A096A /* Sources */,
				B69C1CD72DECBBE8005A096A /* Frameworks */,
				B69C1CD82DECBBE8005A096A /* Resources */,
			);
			buildRules = (
			);
			dependencies = (
			);
			fileSystemSynchronizedGroups = (
				B69C1CDC2DECBBE8005A096A /* SimpleRecipeApp */,
				B69C1D042DECBBF9005A096A /* Packages */,
			);
			name = SimpleRecipeApp;
			packageProductDependencies = (
			);
			productName = SimpleRecipeApp;
			productReference = B69C1CDA2DECBBE8005A096A /* SimpleRecipeApp.app */;
			productType = "com.apple.product-type.application";
		};
		B69C1CE62DECBBEA005A096A /* SimpleRecipeAppTests */ = {
			isa = PBXNativeTarget;
			buildConfigurationList = B69C1CFE2DECBBEA005A096A /* Build configuration list for PBXNativeTarget "SimpleRecipeAppTests" */;
			buildPhases = (
				B69C1CE32DECBBEA005A096A /* Sources */,
				B69C1CE42DECBBEA005A096A /* Frameworks */,
				B69C1CE52DECBBEA005A096A /* Resources */,
			);
			buildRules = (
			);
			dependencies = (
				B69C1CE92DECBBEA005A096A /* PBXTargetDependency */,
			);
			fileSystemSynchronizedGroups = (
				B69C1CEA2DECBBEA005A096A /* SimpleRecipeAppTests */,
			);
			name = SimpleRecipeAppTests;
			packageProductDependencies = (
			);
			productName = SimpleRecipeAppTests;
			productReference = B69C1CE72DECBBEA005A096A /* SimpleRecipeAppTests.xctest */;
			productType = "com.apple.product-type.bundle.unit-test";
		};
		B69C1CF02DECBBEA005A096A /* SimpleRecipeAppUITests */ = {
			isa = PBXNativeTarget;
			buildConfigurationList = B69C1D012DECBBEA005A096A /* Build configuration list for PBXNativeTarget "SimpleRecipeAppUITests" */;
			buildPhases = (
				B69C1CED2DECBBEA005A096A /* Sources */,
				B69C1CEE2DECBBEA005A096A /* Frameworks */,
				B69C1CEF2DECBBEA005A096A /* Resources */,
			);
			buildRules = (
			);
			dependencies = (
				B69C1CF32DECBBEA005A096A /* PBXTargetDependency */,
			);
			fileSystemSynchronizedGroups = (
				B69C1CF42DECBBEA005A096A /* SimpleRecipeAppUITests */,
			);
			name = SimpleRecipeAppUITests;
			packageProductDependencies = (
			);
			productName = SimpleRecipeAppUITests;
			productReference = B69C1CF12DECBBEA005A096A /* SimpleRecipeAppUITests.xctest */;
			productType = "com.apple.product-type.bundle.ui-testing";
		};
/* End PBXNativeTarget section */

/* Begin PBXProject section */
		B69C1CD22DECBBE8005A096A /* Project object */ = {
			isa = PBXProject;
			attributes = {
				BuildIndependentTargetsInParallel = 1;
				LastSwiftUpdateCheck = 1630;
				LastUpgradeCheck = 1630;
				TargetAttributes = {
					B69C1CD92DECBBE8005A096A = {
						CreatedOnToolsVersion = 16.3;
					};
					B69C1CE62DECBBEA005A096A = {
						CreatedOnToolsVersion = 16.3;
						TestTargetID = B69C1CD92DECBBE8005A096A;
					};
					B69C1CF02DECBBEA005A096A = {
						CreatedOnToolsVersion = 16.3;
						TestTargetID = B69C1CD92DECBBE8005A096A;
					};
				};
			};
			buildConfigurationList = B69C1CD52DECBBE8005A096A /* Build configuration list for PBXProject "SimpleRecipeApp" */;
			developmentRegion = en;
			hasScannedForEncodings = 0;
			knownRegions = (
				en,
				Base,
			);
			mainGroup = B69C1CD12DECBBE8005A096A;
			minimizedProjectReferenceProxies = 1;
			preferredProjectObjectVersion = 77;
			productRefGroup = B69C1CDB2DECBBE8005A096A /* Products */;
			projectDirPath = "";
			projectRoot = "";
			targets = (
				B69C1CD92DECBBE8005A096A /* SimpleRecipeApp */,
				B69C1CE62DECBBEA005A096A /* SimpleRecipeAppTests */,
				B69C1CF02DECBBEA005A096A /* SimpleRecipeAppUITests */,
			);
		};
/* End PBXProject section */

/* Begin PBXResourcesBuildPhase section */
		B69C1CD82DECBBE8005A096A /* Resources */ = {
			isa = PBXResourcesBuildPhase;
			buildActionMask = 2147483647;
			files = (
			);
			runOnlyForDeploymentPostprocessing = 0;
		};
		B69C1CE52DECBBEA005A096A /* Resources */ = {
			isa = PBXResourcesBuildPhase;
			buildActionMask = 2147483647;
			files = (
			);
			runOnlyForDeploymentPostprocessing = 0;
		};
		B69C1CEF2DECBBEA005A096A /* Resources */ = {
			isa = PBXResourcesBuildPhase;
			buildActionMask = 2147483647;
			files = (
			);
			runOnlyForDeploymentPostprocessing = 0;
		};
/* End PBXResourcesBuildPhase section */

/* Begin PBXSourcesBuildPhase section */
		B69C1CD62DECBBE8005A096A /* Sources */ = {
			isa = PBXSourcesBuildPhase;
			buildActionMask = 2147483647;
			files = (
			);
			runOnlyForDeploymentPostprocessing = 0;
		};
		B69C1CE32DECBBEA005A096A /* Sources */ = {
			isa = PBXSourcesBuildPhase;
			buildActionMask = 2147483647;
			files = (
			);
			runOnlyForDeploymentPostprocessing = 0;
		};
		B69C1CED2DECBBEA005A096A /* Sources */ = {
			isa = PBXSourcesBuildPhase;
			buildActionMask = 2147483647;
			files = (
			);
			runOnlyForDeploymentPostprocessing = 0;
		};
/* End PBXSourcesBuildPhase section */

/* Begin PBXTargetDependency section */
		B69C1CE92DECBBEA005A096A /* PBXTargetDependency */ = {
			isa = PBXTargetDependency;
			target = B69C1CD92DECBBE8005A096A /* SimpleRecipeApp */;
			targetProxy = B69C1CE82DECBBEA005A096A /* PBXContainerItemProxy */;
		};
		B69C1CF32DECBBEA005A096A /* PBXTargetDependency */ = {
			isa = PBXTargetDependency;
			target = B69C1CD92DECBBE8005A096A /* SimpleRecipeApp */;
			targetProxy = B69C1CF22DECBBEA005A096A /* PBXContainerItemProxy */;
		};
/* End PBXTargetDependency section */

/* Begin XCBuildConfiguration section */
		B69C1CF92DECBBEA005A096A /* Debug */ = {
			isa = XCBuildConfiguration;
			buildSettings = {
				ALWAYS_SEARCH_USER_PATHS = NO;
				ASSETCATALOG_COMPILER_GENERATE_SWIFT_ASSET_SYMBOL_EXTENSIONS = YES;
				CLANG_ANALYZER_NONNULL = YES;
				CLANG_ANALYZER_NUMBER_OBJECT_CONVERSION = YES_AGGRESSIVE;
				CLANG_CXX_LANGUAGE_STANDARD = "gnu++20";
				CLANG_ENABLE_MODULES = YES;
				CLANG_ENABLE_OBJC_ARC = YES;
				CLANG_ENABLE_OBJC_WEAK = YES;
				CLANG_WARN_BLOCK_CAPTURE_AUTORELEASING = YES;
				CLANG_WARN_BOOL_CONVERSION = YES;
				CLANG_WARN_COMMA = YES;
				CLANG_WARN_CONSTANT_CONVERSION = YES;
				CLANG_WARN_DEPRECATED_OBJC_IMPLEMENTATIONS = YES;
				CLANG_WARN_DIRECT_OBJC_ISA_USAGE = YES_ERROR;
				CLANG_WARN_DOCUMENTATION_COMMENTS = YES;
				CLANG_WARN_EMPTY_BODY = YES;
				CLANG_WARN_ENUM_CONVERSION = YES;
				CLANG_WARN_INFINITE_RECURSION = YES;
				CLANG_WARN_INT_CONVERSION = YES;
				CLANG_WARN_NON_LITERAL_NULL_CONVERSION = YES;
				CLANG_WARN_OBJC_IMPLICIT_RETAIN_SELF = YES;
				CLANG_WARN_OBJC_LITERAL_CONVERSION = YES;
				CLANG_WARN_OBJC_ROOT_CLASS = YES_ERROR;
				CLANG_WARN_QUOTED_INCLUDE_IN_FRAMEWORK_HEADER = YES;
				CLANG_WARN_RANGE_LOOP_ANALYSIS = YES;
				CLANG_WARN_STRICT_PROTOTYPES = YES;
				CLANG_WARN_SUSPICIOUS_MOVE = YES;
				CLANG_WARN_UNGUARDED_AVAILABILITY = YES_AGGRESSIVE;
				CLANG_WARN_UNREACHABLE_CODE = YES;
				CLANG_WARN__DUPLICATE_METHOD_MATCH = YES;
				COPY_PHASE_STRIP = NO;
				DEBUG_INFORMATION_FORMAT = dwarf;
				DEVELOPMENT_TEAM = UWCU35H739;
				ENABLE_STRICT_OBJC_MSGSEND = YES;
				ENABLE_TESTABILITY = YES;
				ENABLE_USER_SCRIPT_SANDBOXING = YES;
				GCC_C_LANGUAGE_STANDARD = gnu17;
				GCC_DYNAMIC_NO_PIC = NO;
				GCC_NO_COMMON_BLOCKS = YES;
				GCC_OPTIMIZATION_LEVEL = 0;
				GCC_PREPROCESSOR_DEFINITIONS = (
					"DEBUG=1",
					"$(inherited)",
				);
				GCC_WARN_64_TO_32_BIT_CONVERSION = YES;
				GCC_WARN_ABOUT_RETURN_TYPE = YES_ERROR;
				GCC_WARN_UNDECLARED_SELECTOR = YES;
				GCC_WARN_UNINITIALIZED_AUTOS = YES_AGGRESSIVE;
				GCC_WARN_UNUSED_FUNCTION = YES;
				GCC_WARN_UNUSED_VARIABLE = YES;
				IPHONEOS_DEPLOYMENT_TARGET = 18.4;
				LOCALIZATION_PREFERS_STRING_CATALOGS = YES;
				MTL_ENABLE_DEBUG_INFO = INCLUDE_SOURCE;
				MTL_FAST_MATH = YES;
				ONLY_ACTIVE_ARCH = YES;
				SDKROOT = iphoneos;
				SWIFT_ACTIVE_COMPILATION_CONDITIONS = "DEBUG $(inherited)";
				SWIFT_OPTIMIZATION_LEVEL = "-Onone";
			};
			name = Debug;
		};
		B69C1CFA2DECBBEA005A096A /* Release */ = {
			isa = XCBuildConfiguration;
			buildSettings = {
				ALWAYS_SEARCH_USER_PATHS = NO;
				ASSETCATALOG_COMPILER_GENERATE_SWIFT_ASSET_SYMBOL_EXTENSIONS = YES;
				CLANG_ANALYZER_NONNULL = YES;
				CLANG_ANALYZER_NUMBER_OBJECT_CONVERSION = YES_AGGRESSIVE;
				CLANG_CXX_LANGUAGE_STANDARD = "gnu++20";
				CLANG_ENABLE_MODULES = YES;
				CLANG_ENABLE_OBJC_ARC = YES;
				CLANG_ENABLE_OBJC_WEAK = YES;
				CLANG_WARN_BLOCK_CAPTURE_AUTORELEASING = YES;
				CLANG_WARN_BOOL_CONVERSION = YES;
				CLANG_WARN_COMMA = YES;
				CLANG_WARN_CONSTANT_CONVERSION = YES;
				CLANG_WARN_DEPRECATED_OBJC_IMPLEMENTATIONS = YES;
				CLANG_WARN_DIRECT_OBJC_ISA_USAGE = YES_ERROR;
				CLANG_WARN_DOCUMENTATION_COMMENTS = YES;
				CLANG_WARN_EMPTY_BODY = YES;
				CLANG_WARN_ENUM_CONVERSION = YES;
				CLANG_WARN_INFINITE_RECURSION = YES;
				CLANG_WARN_INT_CONVERSION = YES;
				CLANG_WARN_NON_LITERAL_NULL_CONVERSION = YES;
				CLANG_WARN_OBJC_IMPLICIT_RETAIN_SELF = YES;
				CLANG_WARN_OBJC_LITERAL_CONVERSION = YES;
				CLANG_WARN_OBJC_ROOT_CLASS = YES_ERROR;
				CLANG_WARN_QUOTED_INCLUDE_IN_FRAMEWORK_HEADER = YES;
				CLANG_WARN_RANGE_LOOP_ANALYSIS = YES;
				CLANG_WARN_STRICT_PROTOTYPES = YES;
				CLANG_WARN_SUSPICIOUS_MOVE = YES;
				CLANG_WARN_UNGUARDED_AVAILABILITY = YES_AGGRESSIVE;
				CLANG_WARN_UNREACHABLE_CODE = YES;
				CLANG_WARN__DUPLICATE_METHOD_MATCH = YES;
				COPY_PHASE_STRIP = NO;
				DEBUG_INFORMATION_FORMAT = "dwarf-with-dsym";
				DEVELOPMENT_TEAM = UWCU35H739;
				ENABLE_NS_ASSERTIONS = NO;
				ENABLE_STRICT_OBJC_MSGSEND = YES;
				ENABLE_USER_SCRIPT_SANDBOXING = YES;
				GCC_C_LANGUAGE_STANDARD = gnu17;
				GCC_NO_COMMON_BLOCKS = YES;
				GCC_WARN_64_TO_32_BIT_CONVERSION = YES;
				GCC_WARN_ABOUT_RETURN_TYPE = YES_ERROR;
				GCC_WARN_UNDECLARED_SELECTOR = YES;
				GCC_WARN_UNINITIALIZED_AUTOS = YES_AGGRESSIVE;
				GCC_WARN_UNUSED_FUNCTION = YES;
				GCC_WARN_UNUSED_VARIABLE = YES;
				IPHONEOS_DEPLOYMENT_TARGET = 18.4;
				LOCALIZATION_PREFERS_STRING_CATALOGS = YES;
				MTL_ENABLE_DEBUG_INFO = NO;
				MTL_FAST_MATH = YES;
				SDKROOT = iphoneos;
				SWIFT_COMPILATION_MODE = wholemodule;
				VALIDATE_PRODUCT = YES;
			};
			name = Release;
		};
		B69C1CFC2DECBBEA005A096A /* Debug */ = {
			isa = XCBuildConfiguration;
			buildSettings = {
				ASSETCATALOG_COMPILER_APPICON_NAME = AppIcon;
				ASSETCATALOG_COMPILER_GLOBAL_ACCENT_COLOR_NAME = AccentColor;
				CODE_SIGN_STYLE = Automatic;
				CURRENT_PROJECT_VERSION = 1;
				DEVELOPMENT_TEAM = UWCU35H739;
				ENABLE_PREVIEWS = YES;
				GENERATE_INFOPLIST_FILE = YES;
				INFOPLIST_KEY_UIApplicationSceneManifest_Generation = YES;
				INFOPLIST_KEY_UIApplicationSupportsIndirectInputEvents = YES;
				INFOPLIST_KEY_UILaunchScreen_Generation = YES;
				INFOPLIST_KEY_UISupportedInterfaceOrientations_iPad = "UIInterfaceOrientationPortrait UIInterfaceOrientationPortraitUpsideDown UIInterfaceOrientationLandscapeLeft UIInterfaceOrientationLandscapeRight";
				INFOPLIST_KEY_UISupportedInterfaceOrientations_iPhone = "UIInterfaceOrientationPortrait UIInterfaceOrientationLandscapeLeft UIInterfaceOrientationLandscapeRight";
				IPHONEOS_DEPLOYMENT_TARGET = 16.6;
				LD_RUNPATH_SEARCH_PATHS = (
					"$(inherited)",
					"@executable_path/Frameworks",
				);
				MARKETING_VERSION = 1.0;
				PRODUCT_BUNDLE_IDENTIFIER = rjheim.SimpleRecipeApp;
				PRODUCT_NAME = "$(TARGET_NAME)";
				SWIFT_EMIT_LOC_STRINGS = YES;
				SWIFT_STRICT_CONCURRENCY = complete;
				SWIFT_VERSION = 5.0;
				TARGETED_DEVICE_FAMILY = "1,2";
			};
			name = Debug;
		};
		B69C1CFD2DECBBEA005A096A /* Release */ = {
			isa = XCBuildConfiguration;
			buildSettings = {
				ASSETCATALOG_COMPILER_APPICON_NAME = AppIcon;
				ASSETCATALOG_COMPILER_GLOBAL_ACCENT_COLOR_NAME = AccentColor;
				CODE_SIGN_STYLE = Automatic;
				CURRENT_PROJECT_VERSION = 1;
				DEVELOPMENT_TEAM = UWCU35H739;
				ENABLE_PREVIEWS = YES;
				GENERATE_INFOPLIST_FILE = YES;
				INFOPLIST_KEY_UIApplicationSceneManifest_Generation = YES;
				INFOPLIST_KEY_UIApplicationSupportsIndirectInputEvents = YES;
				INFOPLIST_KEY_UILaunchScreen_Generation = YES;
				INFOPLIST_KEY_UISupportedInterfaceOrientations_iPad = "UIInterfaceOrientationPortrait UIInterfaceOrientationPortraitUpsideDown UIInterfaceOrientationLandscapeLeft UIInterfaceOrientationLandscapeRight";
				INFOPLIST_KEY_UISupportedInterfaceOrientations_iPhone = "UIInterfaceOrientationPortrait UIInterfaceOrientationLandscapeLeft UIInterfaceOrientationLandscapeRight";
				IPHONEOS_DEPLOYMENT_TARGET = 16.6;
				LD_RUNPATH_SEARCH_PATHS = (
					"$(inherited)",
					"@executable_path/Frameworks",
				);
				MARKETING_VERSION = 1.0;
				PRODUCT_BUNDLE_IDENTIFIER = rjheim.SimpleRecipeApp;
				PRODUCT_NAME = "$(TARGET_NAME)";
				SWIFT_EMIT_LOC_STRINGS = YES;
				SWIFT_STRICT_CONCURRENCY = complete;
				SWIFT_VERSION = 5.0;
				TARGETED_DEVICE_FAMILY = "1,2";
			};
			name = Release;
		};
		B69C1CFF2DECBBEA005A096A /* Debug */ = {
			isa = XCBuildConfiguration;
			buildSettings = {
				BUNDLE_LOADER = "$(TEST_HOST)";
				CODE_SIGN_STYLE = Automatic;
				CURRENT_PROJECT_VERSION = 1;
				DEVELOPMENT_TEAM = UWCU35H739;
				GENERATE_INFOPLIST_FILE = YES;
				IPHONEOS_DEPLOYMENT_TARGET = 16.6;
				MARKETING_VERSION = 1.0;
				PRODUCT_BUNDLE_IDENTIFIER = rjheim.SimpleRecipeAppTests;
				PRODUCT_NAME = "$(TARGET_NAME)";
				SWIFT_EMIT_LOC_STRINGS = NO;
				SWIFT_VERSION = 5.0;
				TARGETED_DEVICE_FAMILY = "1,2";
				TEST_HOST = "$(BUILT_PRODUCTS_DIR)/SimpleRecipeApp.app/$(BUNDLE_EXECUTABLE_FOLDER_PATH)/SimpleRecipeApp";
			};
			name = Debug;
		};
		B69C1D002DECBBEA005A096A /* Release */ = {
			isa = XCBuildConfiguration;
			buildSettings = {
				BUNDLE_LOADER = "$(TEST_HOST)";
				CODE_SIGN_STYLE = Automatic;
				CURRENT_PROJECT_VERSION = 1;
				DEVELOPMENT_TEAM = UWCU35H739;
				GENERATE_INFOPLIST_FILE = YES;
				IPHONEOS_DEPLOYMENT_TARGET = 16.6;
				MARKETING_VERSION = 1.0;
				PRODUCT_BUNDLE_IDENTIFIER = rjheim.SimpleRecipeAppTests;
				PRODUCT_NAME = "$(TARGET_NAME)";
				SWIFT_EMIT_LOC_STRINGS = NO;
				SWIFT_VERSION = 5.0;
				TARGETED_DEVICE_FAMILY = "1,2";
				TEST_HOST = "$(BUILT_PRODUCTS_DIR)/SimpleRecipeApp.app/$(BUNDLE_EXECUTABLE_FOLDER_PATH)/SimpleRecipeApp";
			};
			name = Release;
		};
		B69C1D022DECBBEA005A096A /* Debug */ = {
			isa = XCBuildConfiguration;
			buildSettings = {
				CODE_SIGN_STYLE = Automatic;
				CURRENT_PROJECT_VERSION = 1;
				DEVELOPMENT_TEAM = UWCU35H739;
				GENERATE_INFOPLIST_FILE = YES;
				IPHONEOS_DEPLOYMENT_TARGET = 16.6;
				MARKETING_VERSION = 1.0;
				PRODUCT_BUNDLE_IDENTIFIER = rjheim.SimpleRecipeAppUITests;
				PRODUCT_NAME = "$(TARGET_NAME)";
				SWIFT_EMIT_LOC_STRINGS = NO;
				SWIFT_VERSION = 5.0;
				TARGETED_DEVICE_FAMILY = "1,2";
				TEST_TARGET_NAME = SimpleRecipeApp;
			};
			name = Debug;
		};
		B69C1D032DECBBEA005A096A /* Release */ = {
			isa = XCBuildConfiguration;
			buildSettings = {
				CODE_SIGN_STYLE = Automatic;
				CURRENT_PROJECT_VERSION = 1;
				DEVELOPMENT_TEAM = UWCU35H739;
				GENERATE_INFOPLIST_FILE = YES;
				IPHONEOS_DEPLOYMENT_TARGET = 16.6;
				MARKETING_VERSION = 1.0;
				PRODUCT_BUNDLE_IDENTIFIER = rjheim.SimpleRecipeAppUITests;
				PRODUCT_NAME = "$(TARGET_NAME)";
				SWIFT_EMIT_LOC_STRINGS = NO;
				SWIFT_VERSION = 5.0;
				TARGETED_DEVICE_FAMILY = "1,2";
				TEST_TARGET_NAME = SimpleRecipeApp;
			};
			name = Release;
		};
/* End XCBuildConfiguration section */

/* Begin XCConfigurationList section */
		B69C1CD52DECBBE8005A096A /* Build configuration list for PBXProject "SimpleRecipeApp" */ = {
			isa = XCConfigurationList;
			buildConfigurations = (
				B69C1CF92DECBBEA005A096A /* Debug */,
				B69C1CFA2DECBBEA005A096A /* Release */,
			);
			defaultConfigurationIsVisible = 0;
			defaultConfigurationName = Release;
		};
		B69C1CFB2DECBBEA005A096A /* Build configuration list for PBXNativeTarget "SimpleRecipeApp" */ = {
			isa = XCConfigurationList;
			buildConfigurations = (
				B69C1CFC2DECBBEA005A096A /* Debug */,
				B69C1CFD2DECBBEA005A096A /* Release */,
			);
			defaultConfigurationIsVisible = 0;
			defaultConfigurationName = Release;
		};
		B69C1CFE2DECBBEA005A096A /* Build configuration list for PBXNativeTarget "SimpleRecipeAppTests" */ = {
			isa = XCConfigurationList;
			buildConfigurations = (
				B69C1CFF2DECBBEA005A096A /* Debug */,
				B69C1D002DECBBEA005A096A /* Release */,
			);
			defaultConfigurationIsVisible = 0;
			defaultConfigurationName = Release;
		};
		B69C1D012DECBBEA005A096A /* Build configuration list for PBXNativeTarget "SimpleRecipeAppUITests" */ = {
			isa = XCConfigurationList;
			buildConfigurations = (
				B69C1D022DECBBEA005A096A /* Debug */,
				B69C1D032DECBBEA005A096A /* Release */,
			);
			defaultConfigurationIsVisible = 0;
			defaultConfigurationName = Release;
		};
/* End XCConfigurationList section */
	};
	rootObject = B69C1CD22DECBBE8005A096A /* Project object */;
}
